{
  "lockfileVersion": 2,
  "configVersion": 1,
  "workspaces": {
    "": {
      "dependencies": {
        "all": "^0.0.0",
      },
    },
  },
  "packages": {
    "all": ["all@0.0.0", "", {}, "sha512-0oKlfNVv2d+d7c1gwjGspzgbwot47PGQ4b3v1ccx4mR8l9P/Y6E6Dr/yE8lNT63EcAKEbHo6UG3odDpC/NQcKw=="],
  }
}
